{
	"name": "@canvasjs/react-charts",
	"version": "1.0.2",
	"lockfileVersion": 3,
	"requires": true,
	"packages": {
		"": {
			"name": "@canvasjs/react-charts",
			"version": "1.0.2",
			"license": "MIT",
			"dependencies": {
				"@canvasjs/react-charts": "file:"
			},
			"peerDependencies": {
				"@canvasjs/charts": "^3.7.5",
				"react": ">=16.0.0"
			}
		},
		"node_modules/@canvasjs/charts": {
			"version": "3.12.12",
			"resolved": "https://registry.npmjs.org/@canvasjs/charts/-/charts-3.12.12.tgz",
			"integrity": "sha512-Vr/bMlkftsZYB3bsaG0yXSw8gYdkFIVe7dxK3NNTrSZbz8aqP7j712OlMVDAGMvKV7ADug+w293eNQX6BQm7fw==",
			"license": "SEE LICENSE IN <LICENSE>",
			"peer": true
		},
		"node_modules/@canvasjs/react-charts": {
			"resolved": "",
			"link": true
		},
		"node_modules/react": {
			"version": "19.1.0",
			"resolved": "https://registry.npmjs.org/react/-/react-19.1.0.tgz",
			"integrity": "sha512-FS+XFBNvn3GTAWq26joslQgWNoFu08F4kl0J4CgdNKADkdSGXQyTCnKteIAJy96Br6YbpEU1LSzV5dYtjMkMDg==",
			"license": "MIT",
			"peer": true,
			"engines": {
				"node": ">=0.10.0"
			}
		}
	}
}
