{
	"name": "@canvasjs/charts",
	"version": "3.8.5",
	"lockfileVersion": 3,
	"requires": true,
	"packages": {
		"": {
			"name": "@canvasjs/charts",
			"version": "3.8.5",
			"license": "SEE LICENSE IN <LICENSE>",
			"dependencies": {
				"@canvasjs/charts": "file:"
			}
		},
		"node_modules/@canvasjs/charts": {
			"resolved": "",
			"link": true
		}
	}
}
